Microsoft Visual Studio Solution File, Format Version 11.00
# Visual Studio 2008

Project("{9B3C80FC-6577-C890-E408-2FEEA90ED0E7}") = "Version 3  Noura (5) - Copy", "Assembly-CSharp.csproj", "{F11B3889-55A1-1882-C98A-5C6C32161B46}"
EndProject
Project("{9B3C80FC-6577-C890-E408-2FEEA90ED0E7}") = "Version 3  Noura (5) - Copy", "Assembly-CSharp-Editor.csproj", "{39877898-3058-BA13-A3BA-7BEA55C7F924}"
EndProject
Project("{9B3C80FC-6577-C890-E408-2FEEA90ED0E7}") = "Version 3  Noura (5) - Copy", "Assembly-UnityScript.unityproj", "{5C8FEDA5-EFB1-9D7C-1288-FDBE0DBD6199}"
EndProject
Global
	GlobalSection(SolutionConfigurationPlatforms) = preSolution
		Debug|Any CPU = Debug|Any CPU
		Release|Any CPU = Release|Any CPU
	EndGlobalSection
	GlobalSection(ProjectConfigurationPlatforms) = postSolution
		{F11B3889-55A1-1882-C98A-5C6C32161B46}.Debug|Any CPU.ActiveCfg = Debug|Any CPU
		{F11B3889-55A1-1882-C98A-5C6C32161B46}.Debug|Any CPU.Build.0 = Debug|Any CPU
		{F11B3889-55A1-1882-C98A-5C6C32161B46}.Release|Any CPU.ActiveCfg = Release|Any CPU
		{F11B3889-55A1-1882-C98A-5C6C32161B46}.Release|Any CPU.Build.0 = Release|Any CPU
		{39877898-3058-BA13-A3BA-7BEA55C7F924}.Debug|Any CPU.ActiveCfg = Debug|Any CPU
		{39877898-3058-BA13-A3BA-7BEA55C7F924}.Debug|Any CPU.Build.0 = Debug|Any CPU
		{39877898-3058-BA13-A3BA-7BEA55C7F924}.Release|Any CPU.ActiveCfg = Release|Any CPU
		{39877898-3058-BA13-A3BA-7BEA55C7F924}.Release|Any CPU.Build.0 = Release|Any CPU
		{5C8FEDA5-EFB1-9D7C-1288-FDBE0DBD6199}.Debug|Any CPU.ActiveCfg = Debug|Any CPU
		{5C8FEDA5-EFB1-9D7C-1288-FDBE0DBD6199}.Debug|Any CPU.Build.0 = Debug|Any CPU
		{5C8FEDA5-EFB1-9D7C-1288-FDBE0DBD6199}.Release|Any CPU.ActiveCfg = Release|Any CPU
		{5C8FEDA5-EFB1-9D7C-1288-FDBE0DBD6199}.Release|Any CPU.Build.0 = Release|Any CPU
	EndGlobalSection
	GlobalSection(SolutionProperties) = preSolution
		HideSolutionNode = FALSE
	EndGlobalSection
										GlobalSection(MonoDevelopProperties) = preSolution
		StartupItem = Assembly-CSharp.csproj
		Policies = $0
		$0.TextStylePolicy = $1
		$1.inheritsSet = null
		$1.scope = text/x-csharp
		$0.CSharpFormattingPolicy = $2
		$2.inheritsSet = Mono
		$2.inheritsScope = text/x-csharp
		$2.scope = text/x-csharp
		$0.TextStylePolicy = $3
		$3.FileWidth = 120
		$3.TabWidth = 4
		$3.EolMarker = Unix
		$3.inheritsSet = Mono
		$3.inheritsScope = text/plain
		$3.scope = text/plain
	EndGlobalSection

EndGlobal
