Microsoft Visual Studio Solution File, Format Version 11.00
# Visual Studio 2008

Project("{2B901AF6-83C9-1C42-99D1-DEB641BC7D7C}") = "Version 3  Noura (8)", "Assembly-CSharp.csproj", "{91E9BD03-934E-D03C-A09B-EBF458C99CAA}"
EndProject
Project("{2B901AF6-83C9-1C42-99D1-DEB641BC7D7C}") = "Version 3  Noura (8)", "Assembly-CSharp-Editor.csproj", "{9CFE7C9E-5534-9E0B-057C-EE8E42219714}"
EndProject
Project("{2B901AF6-83C9-1C42-99D1-DEB641BC7D7C}") = "Version 3  Noura (8)", "Assembly-UnityScript.unityproj", "{0F92DE3D-3BAC-9C30-065B-1E3856D0EE13}"
EndProject
Global
	GlobalSection(SolutionConfigurationPlatforms) = preSolution
		Debug|Any CPU = Debug|Any CPU
		Release|Any CPU = Release|Any CPU
	EndGlobalSection
	GlobalSection(ProjectConfigurationPlatforms) = postSolution
		{91E9BD03-934E-D03C-A09B-EBF458C99CAA}.Debug|Any CPU.ActiveCfg = Debug|Any CPU
		{91E9BD03-934E-D03C-A09B-EBF458C99CAA}.Debug|Any CPU.Build.0 = Debug|Any CPU
		{91E9BD03-934E-D03C-A09B-EBF458C99CAA}.Release|Any CPU.ActiveCfg = Release|Any CPU
		{91E9BD03-934E-D03C-A09B-EBF458C99CAA}.Release|Any CPU.Build.0 = Release|Any CPU
		{9CFE7C9E-5534-9E0B-057C-EE8E42219714}.Debug|Any CPU.ActiveCfg = Debug|Any CPU
		{9CFE7C9E-5534-9E0B-057C-EE8E42219714}.Debug|Any CPU.Build.0 = Debug|Any CPU
		{9CFE7C9E-5534-9E0B-057C-EE8E42219714}.Release|Any CPU.ActiveCfg = Release|Any CPU
		{9CFE7C9E-5534-9E0B-057C-EE8E42219714}.Release|Any CPU.Build.0 = Release|Any CPU
		{0F92DE3D-3BAC-9C30-065B-1E3856D0EE13}.Debug|Any CPU.ActiveCfg = Debug|Any CPU
		{0F92DE3D-3BAC-9C30-065B-1E3856D0EE13}.Debug|Any CPU.Build.0 = Debug|Any CPU
		{0F92DE3D-3BAC-9C30-065B-1E3856D0EE13}.Release|Any CPU.ActiveCfg = Release|Any CPU
		{0F92DE3D-3BAC-9C30-065B-1E3856D0EE13}.Release|Any CPU.Build.0 = Release|Any CPU
	EndGlobalSection
	GlobalSection(SolutionProperties) = preSolution
		HideSolutionNode = FALSE
	EndGlobalSection
										GlobalSection(MonoDevelopProperties) = preSolution
		StartupItem = Assembly-CSharp.csproj
		Policies = $0
		$0.TextStylePolicy = $1
		$1.inheritsSet = null
		$1.scope = text/x-csharp
		$0.CSharpFormattingPolicy = $2
		$2.inheritsSet = Mono
		$2.inheritsScope = text/x-csharp
		$2.scope = text/x-csharp
		$0.TextStylePolicy = $3
		$3.FileWidth = 120
		$3.TabWidth = 4
		$3.EolMarker = Unix
		$3.inheritsSet = Mono
		$3.inheritsScope = text/plain
		$3.scope = text/plain
	EndGlobalSection

EndGlobal
