Microsoft Visual Studio Solution File, Format Version 11.00
# Visual Studio 2008

Project("{266E31E1-FB38-6417-2C4B-83A7349B0917}") = "Version 3  Noura (10) - Copy", "Assembly-CSharp.csproj", "{5897628D-149E-19E3-F4DC-3EDCD47BFDA8}"
EndProject
Project("{266E31E1-FB38-6417-2C4B-83A7349B0917}") = "Version 3  Noura (10) - Copy", "Assembly-CSharp-Editor.csproj", "{FCC6DCD9-2245-F1C7-1E6C-41900DB57883}"
EndProject
Project("{266E31E1-FB38-6417-2C4B-83A7349B0917}") = "Version 3  Noura (10) - Copy", "Assembly-UnityScript.unityproj", "{9701750F-E678-8101-4C08-4CA6CE5042FE}"
EndProject
Global
	GlobalSection(SolutionConfigurationPlatforms) = preSolution
		Debug|Any CPU = Debug|Any CPU
		Release|Any CPU = Release|Any CPU
	EndGlobalSection
	GlobalSection(ProjectConfigurationPlatforms) = postSolution
		{5897628D-149E-19E3-F4DC-3EDCD47BFDA8}.Debug|Any CPU.ActiveCfg = Debug|Any CPU
		{5897628D-149E-19E3-F4DC-3EDCD47BFDA8}.Debug|Any CPU.Build.0 = Debug|Any CPU
		{5897628D-149E-19E3-F4DC-3EDCD47BFDA8}.Release|Any CPU.ActiveCfg = Release|Any CPU
		{5897628D-149E-19E3-F4DC-3EDCD47BFDA8}.Release|Any CPU.Build.0 = Release|Any CPU
		{FCC6DCD9-2245-F1C7-1E6C-41900DB57883}.Debug|Any CPU.ActiveCfg = Debug|Any CPU
		{FCC6DCD9-2245-F1C7-1E6C-41900DB57883}.Debug|Any CPU.Build.0 = Debug|Any CPU
		{FCC6DCD9-2245-F1C7-1E6C-41900DB57883}.Release|Any CPU.ActiveCfg = Release|Any CPU
		{FCC6DCD9-2245-F1C7-1E6C-41900DB57883}.Release|Any CPU.Build.0 = Release|Any CPU
		{9701750F-E678-8101-4C08-4CA6CE5042FE}.Debug|Any CPU.ActiveCfg = Debug|Any CPU
		{9701750F-E678-8101-4C08-4CA6CE5042FE}.Debug|Any CPU.Build.0 = Debug|Any CPU
		{9701750F-E678-8101-4C08-4CA6CE5042FE}.Release|Any CPU.ActiveCfg = Release|Any CPU
		{9701750F-E678-8101-4C08-4CA6CE5042FE}.Release|Any CPU.Build.0 = Release|Any CPU
	EndGlobalSection
	GlobalSection(SolutionProperties) = preSolution
		HideSolutionNode = FALSE
	EndGlobalSection
						GlobalSection(MonoDevelopProperties) = preSolution
		StartupItem = Assembly-CSharp.csproj
		Policies = $0
		$0.TextStylePolicy = $1
		$1.inheritsSet = null
		$1.scope = text/x-csharp
		$0.CSharpFormattingPolicy = $2
		$2.inheritsSet = Mono
		$2.inheritsScope = text/x-csharp
		$2.scope = text/x-csharp
		$0.TextStylePolicy = $3
		$3.FileWidth = 120
		$3.TabWidth = 4
		$3.EolMarker = Unix
		$3.inheritsSet = Mono
		$3.inheritsScope = text/plain
		$3.scope = text/plain
	EndGlobalSection

EndGlobal
